
Microsoft Visual Studio Solution File, Format Version 12.00
# Visual Studio Version 17
VisualStudioVersion = 17.11.35303.130
MinimumVisualStudioVersion = 10.0.40219.1
Project("{FAE04EC0-301F-11D3-BF4B-00C04F79EFBC}") = "POSales", "POSales\POSales.csproj", "{EA99EB47-8FA2-404D-AD41-5601C13128EB}"
EndProject
Global
	GlobalSection(SolutionConfigurationPlatforms) = preSolution
		Debug|Any CPU = Debug|Any CPU
		Release|Any CPU = Release|Any CPU
	EndGlobalSection
	GlobalSection(ProjectConfigurationPlatforms) = postSolution
		{EA99EB47-8FA2-404D-AD41-5601C13128EB}.Debug|Any CPU.ActiveCfg = Debug|Any CPU
		{EA99EB47-8FA2-404D-AD41-5601C13128EB}.Debug|Any CPU.Build.0 = Debug|Any CPU
		{EA99EB47-8FA2-404D-AD41-5601C13128EB}.Release|Any CPU.ActiveCfg = Release|Any CPU
		{EA99EB47-8FA2-404D-AD41-5601C13128EB}.Release|Any CPU.Build.0 = Release|Any CPU
	EndGlobalSection
	GlobalSection(SolutionProperties) = preSolution
		HideSolutionNode = FALSE
	EndGlobalSection
	GlobalSection(ExtensibilityGlobals) = postSolution
		SolutionGuid = {044C0D18-426A-4A12-9EA5-3119020646AB}
	EndGlobalSection
EndGlobal
